// !$*UTF8*$!
{
	archiveVersion = 1;
	classes = {
	};
	objectVersion = 46;
	objects = {

/* Begin PBXBuildFile section */
		FB1DD9471DBB9E7E00960E5D /* AppDelegate.swift in Sources */ = {isa = PBXBuildFile; fileRef = FB1DD9461DBB9E7E00960E5D /* AppDelegate.swift */; };
		FB1DD9491DBB9E7E00960E5D /* ViewController.swift in Sources */ = {isa = PBXBuildFile; fileRef = FB1DD9481DBB9E7E00960E5D /* ViewController.swift */; };
		FB1DD94C1DBB9E7E00960E5D /* Main.storyboard in Resources */ = {isa = PBXBuildFile; fileRef = FB1DD94A1DBB9E7E00960E5D /* Main.storyboard */; };
		FB1DD94E1DBB9E7E00960E5D /* Assets.xcassets in Resources */ = {isa = PBXBuildFile; fileRef = FB1DD94D1DBB9E7E00960E5D /* Assets.xcassets */; };
		FB1DD9511DBB9E7E00960E5D /* LaunchScreen.storyboard in Resources */ = {isa = PBXBuildFile; fileRef = FB1DD94F1DBB9E7E00960E5D /* LaunchScreen.storyboard */; };
/* End PBXBuildFile section */

/* Begin PBXFileReference section */
		FB1DD9431DBB9E7E00960E5D /* BarcelonaPlayers.app */ = {isa = PBXFileReference; explicitFileType = wrapper.application; includeInIndex = 0; path = BarcelonaPlayers.app; sourceTree = BUILT_PRODUCTS_DIR; };
		FB1DD9461DBB9E7E00960E5D /* AppDelegate.swift */ = {isa = PBXFileReference; lastKnownFileType = sourcecode.swift; path = AppDelegate.swift; sourceTree = "<group>"; };
		FB1DD9481DBB9E7E00960E5D /* ViewController.swift */ = {isa = PBXFileReference; lastKnownFileType = sourcecode.swift; path = ViewController.swift; sourceTree = "<group>"; };
		FB1DD94B1DBB9E7E00960E5D /* Base */ = {isa = PBXFileReference; lastKnownFileType = file.storyboard; name = Base; path = Base.lproj/Main.storyboard; sourceTree = "<group>"; };
		FB1DD94D1DBB9E7E00960E5D /* Assets.xcassets */ = {isa = PBXFileReference; lastKnownFileType = folder.assetcatalog; path = Assets.xcassets; sourceTree = "<group>"; };
		FB1DD9501DBB9E7E00960E5D /* Base */ = {isa = PBXFileReference; lastKnownFileType = file.storyboard; name = Base; path = Base.lproj/LaunchScreen.storyboard; sourceTree = "<group>"; };
		FB1DD9521DBB9E7E00960E5D /* Info.plist */ = {isa = PBXFileReference; lastKnownFileType = text.plist.xml; path = Info.plist; sourceTree = "<group>"; };
/* End PBXFileReference section */

/* Begin PBXFrameworksBuildPhase section */
		FB1DD9401DBB9E7E00960E5D /* Frameworks */ = {
			isa = PBXFrameworksBuildPhase;
			buildActionMask = 2147483647;
			files = (
			);
			runOnlyForDeploymentPostprocessing = 0;
		};
/* End PBXFrameworksBuildPhase section */

/* Begin PBXGroup section */
		FB1DD93A1DBB9E7E00960E5D = {
			isa = PBXGroup;
			children = (
				FB1DD9451DBB9E7E00960E5D /* BarcelonaPlayers */,
				FB1DD9441DBB9E7E00960E5D /* Products */,
			);
			sourceTree = "<group>";
		};
		FB1DD9441DBB9E7E00960E5D /* Products */ = {
			isa = PBXGroup;
			children = (
				FB1DD9431DBB9E7E00960E5D /* BarcelonaPlayers.app */,
			);
			name = Products;
			sourceTree = "<group>";
		};
		FB1DD9451DBB9E7E00960E5D /* BarcelonaPlayers */ = {
			isa = PBXGroup;
			children = (
				FB1DD9461DBB9E7E00960E5D /* AppDelegate.swift */,
				FB1DD9481DBB9E7E00960E5D /* ViewController.swift */,
				FB1DD94A1DBB9E7E00960E5D /* Main.storyboard */,
				FB1DD94D1DBB9E7E00960E5D /* Assets.xcassets */,
				FB1DD94F1DBB9E7E00960E5D /* LaunchScreen.storyboard */,
				FB1DD9521DBB9E7E00960E5D /* Info.plist */,
			);
			path = BarcelonaPlayers;
			sourceTree = "<group>";
		};
/* End PBXGroup section */

/* Begin PBXNativeTarget section */
		FB1DD9421DBB9E7E00960E5D /* BarcelonaPlayers */ = {
			isa = PBXNativeTarget;
			buildConfigurationList = FB1DD9551DBB9E7E00960E5D /* Build configuration list for PBXNativeTarget "BarcelonaPlayers" */;
			buildPhases = (
				FB1DD93F1DBB9E7E00960E5D /* Sources */,
				FB1DD9401DBB9E7E00960E5D /* Frameworks */,
				FB1DD9411DBB9E7E00960E5D /* Resources */,
			);
			buildRules = (
			);
			dependencies = (
			);
			name = BarcelonaPlayers;
			productName = BarcelonaPlayers;
			productReference = FB1DD9431DBB9E7E00960E5D /* BarcelonaPlayers.app */;
			productType = "com.apple.product-type.application";
		};
/* End PBXNativeTarget section */

/* Begin PBXProject section */
		FB1DD93B1DBB9E7E00960E5D /* Project object */ = {
			isa = PBXProject;
			attributes = {
				LastSwiftUpdateCheck = 0730;
				LastUpgradeCheck = 0730;
				ORGANIZATIONNAME = Ronaldoh1;
				TargetAttributes = {
					FB1DD9421DBB9E7E00960E5D = {
						CreatedOnToolsVersion = 7.3.1;
					};
				};
			};
			buildConfigurationList = FB1DD93E1DBB9E7E00960E5D /* Build configuration list for PBXProject "BarcelonaPlayers" */;
			compatibilityVersion = "Xcode 3.2";
			developmentRegion = English;
			hasScannedForEncodings = 0;
			knownRegions = (
				en,
				Base,
			);
			mainGroup = FB1DD93A1DBB9E7E00960E5D;
			productRefGroup = FB1DD9441DBB9E7E00960E5D /* Products */;
			projectDirPath = "";
			projectRoot = "";
			targets = (
				FB1DD9421DBB9E7E00960E5D /* BarcelonaPlayers */,
			);
		};
/* End PBXProject section */

/* Begin PBXResourcesBuildPhase section */
		FB1DD9411DBB9E7E00960E5D /* Resources */ = {
			isa = PBXResourcesBuildPhase;
			buildActionMask = 2147483647;
			files = (
				FB1DD9511DBB9E7E00960E5D /* LaunchScreen.storyboard in Resources */,
				FB1DD94E1DBB9E7E00960E5D /* Assets.xcassets in Resources */,
				FB1DD94C1DBB9E7E00960E5D /* Main.storyboard in Resources */,
			);
			runOnlyForDeploymentPostprocessing = 0;
		};
/* End PBXResourcesBuildPhase section */

/* Begin PBXSourcesBuildPhase section */
		FB1DD93F1DBB9E7E00960E5D /* Sources */ = {
			isa = PBXSourcesBuildPhase;
			buildActionMask = 2147483647;
			files = (
				FB1DD9491DBB9E7E00960E5D /* ViewController.swift in Sources */,
				FB1DD9471DBB9E7E00960E5D /* AppDelegate.swift in Sources */,
			);
			runOnlyForDeploymentPostprocessing = 0;
		};
/* End PBXSourcesBuildPhase section */

/* Begin PBXVariantGroup section */
		FB1DD94A1DBB9E7E00960E5D /* Main.storyboard */ = {
			isa = PBXVariantGroup;
			children = (
				FB1DD94B1DBB9E7E00960E5D /* Base */,
			);
			name = Main.storyboard;
			sourceTree = "<group>";
		};
		FB1DD94F1DBB9E7E00960E5D /* LaunchScreen.storyboard */ = {
			isa = PBXVariantGroup;
			children = (
				FB1DD9501DBB9E7E00960E5D /* Base */,
			);
			name = LaunchScreen.storyboard;
			sourceTree = "<group>";
		};
/* End PBXVariantGroup section */

/* Begin XCBuildConfiguration section */
		FB1DD9531DBB9E7E00960E5D /* Debug */ = {
			isa = XCBuildConfiguration;
			buildSettings = {
				ALWAYS_SEARCH_USER_PATHS = NO;
				CLANG_ANALYZER_NONNULL = YES;
				CLANG_CXX_LANGUAGE_STANDARD = "gnu++0x";
				CLANG_CXX_LIBRARY = "libc++";
				CLANG_ENABLE_MODULES = YES;
				CLANG_ENABLE_OBJC_ARC = YES;
				CLANG_WARN_BOOL_CONVERSION = YES;
				CLANG_WARN_CONSTANT_CONVERSION = YES;
				CLANG_WARN_DIRECT_OBJC_ISA_USAGE = YES_ERROR;
				CLANG_WARN_EMPTY_BODY = YES;
				CLANG_WARN_ENUM_CONVERSION = YES;
				CLANG_WARN_INT_CONVERSION = YES;
				CLANG_WARN_OBJC_ROOT_CLASS = YES_ERROR;
				CLANG_WARN_UNREACHABLE_CODE = YES;
				CLANG_WARN__DUPLICATE_METHOD_MATCH = YES;
				"CODE_SIGN_IDENTITY[sdk=iphoneos*]" = "iPhone Developer";
				COPY_PHASE_STRIP = NO;
				DEBUG_INFORMATION_FORMAT = dwarf;
				ENABLE_STRICT_OBJC_MSGSEND = YES;
				ENABLE_TESTABILITY = YES;
				GCC_C_LANGUAGE_STANDARD = gnu99;
				GCC_DYNAMIC_NO_PIC = NO;
				GCC_NO_COMMON_BLOCKS = YES;
				GCC_OPTIMIZATION_LEVEL = 0;
				GCC_PREPROCESSOR_DEFINITIONS = (
					"DEBUG=1",
					"$(inherited)",
				);
				GCC_WARN_64_TO_32_BIT_CONVERSION = YES;
				GCC_WARN_ABOUT_RETURN_TYPE = YES_ERROR;
				GCC_WARN_UNDECLARED_SELECTOR = YES;
				GCC_WARN_UNINITIALIZED_AUTOS = YES_AGGRESSIVE;
				GCC_WARN_UNUSED_FUNCTION = YES;
				GCC_WARN_UNUSED_VARIABLE = YES;
				IPHONEOS_DEPLOYMENT_TARGET = 9.3;
				MTL_ENABLE_DEBUG_INFO = YES;
				ONLY_ACTIVE_ARCH = YES;
				SDKROOT = iphoneos;
				SWIFT_OPTIMIZATION_LEVEL = "-Onone";
				TARGETED_DEVICE_FAMILY = "1,2";
			};
			name = Debug;
		};
		FB1DD9541DBB9E7E00960E5D /* Release */ = {
			isa = XCBuildConfiguration;
			buildSettings = {
				ALWAYS_SEARCH_USER_PATHS = NO;
				CLANG_ANALYZER_NONNULL = YES;
				CLANG_CXX_LANGUAGE_STANDARD = "gnu++0x";
				CLANG_CXX_LIBRARY = "libc++";
				CLANG_ENABLE_MODULES = YES;
				CLANG_ENABLE_OBJC_ARC = YES;
				CLANG_WARN_BOOL_CONVERSION = YES;
				CLANG_WARN_CONSTANT_CONVERSION = YES;
				CLANG_WARN_DIRECT_OBJC_ISA_USAGE = YES_ERROR;
				CLANG_WARN_EMPTY_BODY = YES;
				CLANG_WARN_ENUM_CONVERSION = YES;
				CLANG_WARN_INT_CONVERSION = YES;
				CLANG_WARN_OBJC_ROOT_CLASS = YES_ERROR;
				CLANG_WARN_UNREACHABLE_CODE = YES;
				CLANG_WARN__DUPLICATE_METHOD_MATCH = YES;
				"CODE_SIGN_IDENTITY[sdk=iphoneos*]" = "iPhone Developer";
				COPY_PHASE_STRIP = NO;
				DEBUG_INFORMATION_FORMAT = "dwarf-with-dsym";
				ENABLE_NS_ASSERTIONS = NO;
				ENABLE_STRICT_OBJC_MSGSEND = YES;
				GCC_C_LANGUAGE_STANDARD = gnu99;
				GCC_NO_COMMON_BLOCKS = YES;
				GCC_WARN_64_TO_32_BIT_CONVERSION = YES;
				GCC_WARN_ABOUT_RETURN_TYPE = YES_ERROR;
				GCC_WARN_UNDECLARED_SELECTOR = YES;
				GCC_WARN_UNINITIALIZED_AUTOS = YES_AGGRESSIVE;
				GCC_WARN_UNUSED_FUNCTION = YES;
				GCC_WARN_UNUSED_VARIABLE = YES;
				IPHONEOS_DEPLOYMENT_TARGET = 9.3;
				MTL_ENABLE_DEBUG_INFO = NO;
				SDKROOT = iphoneos;
				TARGETED_DEVICE_FAMILY = "1,2";
				VALIDATE_PRODUCT = YES;
			};
			name = Release;
		};
		FB1DD9561DBB9E7E00960E5D /* Debug */ = {
			isa = XCBuildConfiguration;
			buildSettings = {
				ASSETCATALOG_COMPILER_APPICON_NAME = AppIcon;
				INFOPLIST_FILE = BarcelonaPlayers/Info.plist;
				LD_RUNPATH_SEARCH_PATHS = "$(inherited) @executable_path/Frameworks";
				PRODUCT_BUNDLE_IDENTIFIER = Ronaldoh1.BarcelonaPlayers;
				PRODUCT_NAME = "$(TARGET_NAME)";
			};
			name = Debug;
		};
		FB1DD9571DBB9E7E00960E5D /* Release */ = {
			isa = XCBuildConfiguration;
			buildSettings = {
				ASSETCATALOG_COMPILER_APPICON_NAME = AppIcon;
				INFOPLIST_FILE = BarcelonaPlayers/Info.plist;
				LD_RUNPATH_SEARCH_PATHS = "$(inherited) @executable_path/Frameworks";
				PRODUCT_BUNDLE_IDENTIFIER = Ronaldoh1.BarcelonaPlayers;
				PRODUCT_NAME = "$(TARGET_NAME)";
			};
			name = Release;
		};
/* End XCBuildConfiguration section */

/* Begin XCConfigurationList section */
		FB1DD93E1DBB9E7E00960E5D /* Build configuration list for PBXProject "BarcelonaPlayers" */ = {
			isa = XCConfigurationList;
			buildConfigurations = (
				FB1DD9531DBB9E7E00960E5D /* Debug */,
				FB1DD9541DBB9E7E00960E5D /* Release */,
			);
			defaultConfigurationIsVisible = 0;
			defaultConfigurationName = Release;
		};
		FB1DD9551DBB9E7E00960E5D /* Build configuration list for PBXNativeTarget "BarcelonaPlayers" */ = {
			isa = XCConfigurationList;
			buildConfigurations = (
				FB1DD9561DBB9E7E00960E5D /* Debug */,
				FB1DD9571DBB9E7E00960E5D /* Release */,
			);
			defaultConfigurationIsVisible = 0;
		};
/* End XCConfigurationList section */
	};
	rootObject = FB1DD93B1DBB9E7E00960E5D /* Project object */;
}
